# This file is @generated by PDM.
# It is not intended for manual editing.

[metadata]
groups = ["default"]
strategy = ["inherit_metadata"]
lock_version = "4.5.0"
content_hash = "sha256:79ee7d2af8aad6522bda2d287097671f3b3a0311546c2344fcd79bae5d22f9f2"

[[metadata.targets]]
requires_python = "==3.13.*"

[[package]]
name = "biopython"
version = "1.85"
requires_python = ">=3.9"
summary = "Freely available tools for computational molecular biology."
groups = ["default"]
dependencies = [
    "numpy",
]
files = [
    {file = "biopython-1.85-cp313-cp313-macosx_10_13_x86_64.whl", hash = "sha256:bae6f17262f20e9587d419ba5683e9dc93a31ee1858b98fa0cff203694d5b786"},
    {file = "biopython-1.85-cp313-cp313-macosx_11_0_arm64.whl", hash = "sha256:b1e4918e6399ab0183dd863527fec18b53b7c61b6f0ef95db84b4adfa430ce75"},
    {file = "biopython-1.85-cp313-cp313-manylinux_2_17_aarch64.manylinux2014_aarch64.whl", hash = "sha256:86e487b6fe0f20a2b0138cb53f3d4dc26a7e4060ac4cb6fb1d19e194d445ef46"},
    {file = "biopython-1.85-cp313-cp313-manylinux_2_17_x86_64.manylinux2014_x86_64.whl", hash = "sha256:327184048b5a50634ae0970119bcb8a35b76d7cefb2658a01f772915f2fb7686"},
    {file = "biopython-1.85-cp313-cp313-manylinux_2_5_i686.manylinux1_i686.manylinux_2_17_i686.manylinux2014_i686.whl", hash = "sha256:66b08905fb1b3f5194f908aaf04bbad474c4e3eaebad6d9f889a04e64dd1faf4"},
    {file = "biopython-1.85-cp313-cp313-win32.whl", hash = "sha256:5a236ab1e2797c7dcf1577d80fdaafabead2908bc338eaed0aa1509dab769fef"},
    {file = "biopython-1.85-cp313-cp313-win_amd64.whl", hash = "sha256:1b61593765e9ebdb71d73307d55fd4b46eb976608d329ae6803c084d90ed34c7"},
    {file = "biopython-1.85.tar.gz", hash = "sha256:5dafab74059de4e78f49f6b5684eddae6e7ce46f09cfa059c1d1339e8b1ea0a6"},
]

[[package]]
name = "grpcio"
version = "1.73.0"
requires_python = ">=3.9"
summary = "HTTP/2-based RPC framework"
groups = ["default"]
files = [
    {file = "grpcio-1.73.0-cp313-cp313-linux_armv7l.whl", hash = "sha256:da1d677018ef423202aca6d73a8d3b2cb245699eb7f50eb5f74cae15a8e1f724"},
    {file = "grpcio-1.73.0-cp313-cp313-macosx_11_0_universal2.whl", hash = "sha256:36bf93f6a657f37c131d9dd2c391b867abf1426a86727c3575393e9e11dadb0d"},
    {file = "grpcio-1.73.0-cp313-cp313-manylinux_2_17_aarch64.whl", hash = "sha256:d84000367508ade791d90c2bafbd905574b5ced8056397027a77a215d601ba15"},
    {file = "grpcio-1.73.0-cp313-cp313-manylinux_2_17_i686.manylinux2014_i686.whl", hash = "sha256:c98ba1d928a178ce33f3425ff823318040a2b7ef875d30a0073565e5ceb058d9"},
    {file = "grpcio-1.73.0-cp313-cp313-manylinux_2_17_x86_64.manylinux2014_x86_64.whl", hash = "sha256:a73c72922dfd30b396a5f25bb3a4590195ee45ecde7ee068acb0892d2900cf07"},
    {file = "grpcio-1.73.0-cp313-cp313-musllinux_1_1_aarch64.whl", hash = "sha256:10e8edc035724aba0346a432060fd192b42bd03675d083c01553cab071a28da5"},
    {file = "grpcio-1.73.0-cp313-cp313-musllinux_1_1_i686.whl", hash = "sha256:f5cdc332b503c33b1643b12ea933582c7b081957c8bc2ea4cc4bc58054a09288"},
    {file = "grpcio-1.73.0-cp313-cp313-musllinux_1_1_x86_64.whl", hash = "sha256:07ad7c57233c2109e4ac999cb9c2710c3b8e3f491a73b058b0ce431f31ed8145"},
    {file = "grpcio-1.73.0-cp313-cp313-win32.whl", hash = "sha256:0eb5df4f41ea10bda99a802b2a292d85be28958ede2a50f2beb8c7fc9a738419"},
    {file = "grpcio-1.73.0-cp313-cp313-win_amd64.whl", hash = "sha256:38cf518cc54cd0c47c9539cefa8888549fcc067db0b0c66a46535ca8032020c4"},
    {file = "grpcio-1.73.0.tar.gz", hash = "sha256:3af4c30918a7f0d39de500d11255f8d9da4f30e94a2033e70fe2a720e184bd8e"},
]

[[package]]
name = "grpcio-tools"
version = "1.73.0"
requires_python = ">=3.9"
summary = "Protobuf code generator for gRPC"
groups = ["default"]
dependencies = [
    "grpcio>=1.73.0",
    "protobuf<7.0.0,>=6.30.0",
    "setuptools",
]
files = [
    {file = "grpcio_tools-1.73.0-cp313-cp313-linux_armv7l.whl", hash = "sha256:39dbd533e79d1de8f8d3ee9d6e14284e5f97df70ed743261fa655ef4cc21ce76"},
    {file = "grpcio_tools-1.73.0-cp313-cp313-macosx_11_0_universal2.whl", hash = "sha256:abbbe5004a72b855449961ed3bb1d63f1b4d5179f11894652e0b52ed790bf583"},
    {file = "grpcio_tools-1.73.0-cp313-cp313-manylinux_2_17_aarch64.whl", hash = "sha256:f8f132e8f3e8f98096d1bee6ae580763b5633f327d7be57c29d364b88d1bc221"},
    {file = "grpcio_tools-1.73.0-cp313-cp313-manylinux_2_17_i686.manylinux2014_i686.whl", hash = "sha256:0663ea7de6141885273924fe261fde283b25b08e96d0c1697c9c3c65fa07d92f"},
    {file = "grpcio_tools-1.73.0-cp313-cp313-manylinux_2_17_x86_64.manylinux2014_x86_64.whl", hash = "sha256:0bdf66c37431fec41b40f209d1caa6e38f743cf414e727d9b61c9d2d83b04e52"},
    {file = "grpcio_tools-1.73.0-cp313-cp313-musllinux_1_1_aarch64.whl", hash = "sha256:8616ddcd5697a90a0016046e93aad9b006d76800391a2c9085d105ae1ec3d0fc"},
    {file = "grpcio_tools-1.73.0-cp313-cp313-musllinux_1_1_i686.whl", hash = "sha256:600843f6b04c0adbb3e81bf3b3ad450a04545179ad100bd346ee235ac2e3b733"},
    {file = "grpcio_tools-1.73.0-cp313-cp313-musllinux_1_1_x86_64.whl", hash = "sha256:6eea6770c24efdc6032a802347d62071644fa61c89d9bfd45802f55edac97130"},
    {file = "grpcio_tools-1.73.0-cp313-cp313-win32.whl", hash = "sha256:55b1186ff90fc7e5618a4efd3eef340e25a973a6805ce2e771f042670867e9ad"},
    {file = "grpcio_tools-1.73.0-cp313-cp313-win_amd64.whl", hash = "sha256:a76c735f2eb3a9be63fb4837511c30afadbe05e926631d70457fb54edda1e84d"},
    {file = "grpcio_tools-1.73.0.tar.gz", hash = "sha256:69e2da77e7d52c7ea3e60047ba7d704d242b55c6c0ffb1a6147ace1b37ce881b"},
]

[[package]]
name = "numpy"
version = "2.3.0"
requires_python = ">=3.11"
summary = "Fundamental package for array computing in Python"
groups = ["default"]
files = [
    {file = "numpy-2.3.0-cp313-cp313-macosx_10_13_x86_64.whl", hash = "sha256:5754ab5595bfa2c2387d241296e0381c21f44a4b90a776c3c1d39eede13a746a"},
    {file = "numpy-2.3.0-cp313-cp313-macosx_11_0_arm64.whl", hash = "sha256:d11fa02f77752d8099573d64e5fe33de3229b6632036ec08f7080f46b6649959"},
    {file = "numpy-2.3.0-cp313-cp313-macosx_14_0_arm64.whl", hash = "sha256:aba48d17e87688a765ab1cd557882052f238e2f36545dfa8e29e6a91aef77afe"},
    {file = "numpy-2.3.0-cp313-cp313-macosx_14_0_x86_64.whl", hash = "sha256:4dc58865623023b63b10d52f18abaac3729346a7a46a778381e0e3af4b7f3beb"},
    {file = "numpy-2.3.0-cp313-cp313-manylinux_2_28_aarch64.whl", hash = "sha256:df470d376f54e052c76517393fa443758fefcdd634645bc9c1f84eafc67087f0"},
    {file = "numpy-2.3.0-cp313-cp313-manylinux_2_28_x86_64.whl", hash = "sha256:87717eb24d4a8a64683b7a4e91ace04e2f5c7c77872f823f02a94feee186168f"},
    {file = "numpy-2.3.0-cp313-cp313-musllinux_1_2_aarch64.whl", hash = "sha256:d8fa264d56882b59dcb5ea4d6ab6f31d0c58a57b41aec605848b6eb2ef4a43e8"},
    {file = "numpy-2.3.0-cp313-cp313-musllinux_1_2_x86_64.whl", hash = "sha256:e651756066a0eaf900916497e20e02fe1ae544187cb0fe88de981671ee7f6270"},
    {file = "numpy-2.3.0-cp313-cp313-win32.whl", hash = "sha256:e43c3cce3b6ae5f94696669ff2a6eafd9a6b9332008bafa4117af70f4b88be6f"},
    {file = "numpy-2.3.0-cp313-cp313-win_amd64.whl", hash = "sha256:81ae0bf2564cf475f94be4a27ef7bcf8af0c3e28da46770fc904da9abd5279b5"},
    {file = "numpy-2.3.0-cp313-cp313-win_arm64.whl", hash = "sha256:c8738baa52505fa6e82778580b23f945e3578412554d937093eac9205e845e6e"},
    {file = "numpy-2.3.0-cp313-cp313t-macosx_10_13_x86_64.whl", hash = "sha256:39b27d8b38942a647f048b675f134dd5a567f95bfff481f9109ec308515c51d8"},
    {file = "numpy-2.3.0-cp313-cp313t-macosx_11_0_arm64.whl", hash = "sha256:0eba4a1ea88f9a6f30f56fdafdeb8da3774349eacddab9581a21234b8535d3d3"},
    {file = "numpy-2.3.0-cp313-cp313t-macosx_14_0_arm64.whl", hash = "sha256:b0f1f11d0a1da54927436505a5a7670b154eac27f5672afc389661013dfe3d4f"},
    {file = "numpy-2.3.0-cp313-cp313t-macosx_14_0_x86_64.whl", hash = "sha256:690d0a5b60a47e1f9dcec7b77750a4854c0d690e9058b7bef3106e3ae9117808"},
    {file = "numpy-2.3.0-cp313-cp313t-manylinux_2_28_aarch64.whl", hash = "sha256:8b51ead2b258284458e570942137155978583e407babc22e3d0ed7af33ce06f8"},
    {file = "numpy-2.3.0-cp313-cp313t-manylinux_2_28_x86_64.whl", hash = "sha256:aaf81c7b82c73bd9b45e79cfb9476cb9c29e937494bfe9092c26aece812818ad"},
    {file = "numpy-2.3.0-cp313-cp313t-musllinux_1_2_aarch64.whl", hash = "sha256:f420033a20b4f6a2a11f585f93c843ac40686a7c3fa514060a97d9de93e5e72b"},
    {file = "numpy-2.3.0-cp313-cp313t-musllinux_1_2_x86_64.whl", hash = "sha256:d344ca32ab482bcf8735d8f95091ad081f97120546f3d250240868430ce52555"},
    {file = "numpy-2.3.0-cp313-cp313t-win32.whl", hash = "sha256:48a2e8eaf76364c32a1feaa60d6925eaf32ed7a040183b807e02674305beef61"},
    {file = "numpy-2.3.0-cp313-cp313t-win_amd64.whl", hash = "sha256:ba17f93a94e503551f154de210e4d50c5e3ee20f7e7a1b5f6ce3f22d419b93bb"},
    {file = "numpy-2.3.0-cp313-cp313t-win_arm64.whl", hash = "sha256:f14e016d9409680959691c109be98c436c6249eaf7f118b424679793607b5944"},
    {file = "numpy-2.3.0.tar.gz", hash = "sha256:581f87f9e9e9db2cba2141400e160e9dd644ee248788d6f90636eeb8fd9260a6"},
]

[[package]]
name = "protobuf"
version = "6.31.1"
requires_python = ">=3.9"
summary = ""
groups = ["default"]
files = [
    {file = "protobuf-6.31.1-cp310-abi3-win32.whl", hash = "sha256:7fa17d5a29c2e04b7d90e5e32388b8bfd0e7107cd8e616feef7ed3fa6bdab5c9"},
    {file = "protobuf-6.31.1-cp310-abi3-win_amd64.whl", hash = "sha256:426f59d2964864a1a366254fa703b8632dcec0790d8862d30034d8245e1cd447"},
    {file = "protobuf-6.31.1-cp39-abi3-macosx_10_9_universal2.whl", hash = "sha256:6f1227473dc43d44ed644425268eb7c2e488ae245d51c6866d19fe158e207402"},
    {file = "protobuf-6.31.1-cp39-abi3-manylinux2014_aarch64.whl", hash = "sha256:a40fc12b84c154884d7d4c4ebd675d5b3b5283e155f324049ae396b95ddebc39"},
    {file = "protobuf-6.31.1-cp39-abi3-manylinux2014_x86_64.whl", hash = "sha256:4ee898bf66f7a8b0bd21bce523814e6fbd8c6add948045ce958b73af7e8878c6"},
    {file = "protobuf-6.31.1-py3-none-any.whl", hash = "sha256:720a6c7e6b77288b85063569baae8536671b39f15cc22037ec7045658d80489e"},
    {file = "protobuf-6.31.1.tar.gz", hash = "sha256:d8cac4c982f0b957a4dc73a80e2ea24fab08e679c0de9deb835f4a12d69aca9a"},
]

[[package]]
name = "setuptools"
version = "80.9.0"
requires_python = ">=3.9"
summary = "Easily download, build, install, upgrade, and uninstall Python packages"
groups = ["default"]
files = [
    {file = "setuptools-80.9.0-py3-none-any.whl", hash = "sha256:062d34222ad13e0cc312a4c02d73f059e86a4acbfbdea8f8f76b28c99f306922"},
    {file = "setuptools-80.9.0.tar.gz", hash = "sha256:f36b47402ecde768dbfafc46e8e4207b4360c654f1f3bb84475f0a28628fb19c"},
]
